{
  "version": 4,
  "terraform_version": "1.9.5",
  "serial": 3,
  "lineage": "6d74c566-70aa-8c2e-f200-ca8340ec3551",
  "outputs": {},
  "resources": [
    {
      "mode": "managed",
      "type": "azurerm_resource_group",
      "name": "chuka-terraform",
      "provider": "provider[\"registry.terraform.io/hashicorp/azurerm\"]",
      "instances": [
        {
          "schema_version": 0,
          "attributes": {
            "id": "/subscriptions/35147b76-7a5d-4dce-9c7c-be79b93578c4/resourceGroups/chuka-terraform",
            "location": "uksouth",
            "managed_by": "",
            "name": "chuka-terraform",
            "tags": null,
            "timeouts": null
          },
          "sensitive_attributes": [],
          "private": "eyJlMmJmYjczMC1lY2FhLTExZTYtOGY4OC0zNDM2M2JjN2M0YzAiOnsiY3JlYXRlIjo1NDAwMDAwMDAwMDAwLCJkZWxldGUiOjU0MDAwMDAwMDAwMDAsInJlYWQiOjMwMDAwMDAwMDAwMCwidXBkYXRlIjo1NDAwMDAwMDAwMDAwfX0="
        }
      ]
    },
    {
      "mode": "managed",
      "type": "azurerm_resource_group",
      "name": "chuka-terraform-2",
      "provider": "provider[\"registry.terraform.io/hashicorp/azurerm\"].provider2-westEuope",
      "instances": [
        {
          "schema_version": 0,
          "attributes": {
            "id": "/subscriptions/35147b76-7a5d-4dce-9c7c-be79b93578c4/resourceGroups/chuka-terraform-2",
            "location": "westeurope",
            "managed_by": "",
            "name": "chuka-terraform-2",
            "tags": null,
            "timeouts": null
          },
          "sensitive_attributes": [],
          "private": "eyJlMmJmYjczMC1lY2FhLTExZTYtOGY4OC0zNDM2M2JjN2M0YzAiOnsiY3JlYXRlIjo1NDAwMDAwMDAwMDAwLCJkZWxldGUiOjU0MDAwMDAwMDAwMDAsInJlYWQiOjMwMDAwMDAwMDAwMCwidXBkYXRlIjo1NDAwMDAwMDAwMDAwfX0="
        }
      ]
    }
  ],
  "check_results": null
}
